
Microsoft Visual Studio Solution File, Format Version 11.00
# Visual Studio 2010
Project("{8BC9CEB8-8B4A-11D0-8D11-00A0C91BC942}") = "appStream", "appStream.vcxproj", "{6AA9BB0F-4720-3AD0-8F7C-4F66BBB920AA}"
EndProject
Global
	GlobalSection(SolutionConfigurationPlatforms) = preSolution
		Debug|Win32 = Debug|Win32
		Release|Win32 = Release|Win32
	EndGlobalSection
	GlobalSection(ProjectConfigurationPlatforms) = postSolution
		{6AA9BB0F-4720-3AD0-8F7C-4F66BBB920AA}.Debug|Win32.ActiveCfg = Debug|Win32
		{6AA9BB0F-4720-3AD0-8F7C-4F66BBB920AA}.Debug|Win32.Build.0 = Debug|Win32
		{6AA9BB0F-4720-3AD0-8F7C-4F66BBB920AA}.Release|Win32.ActiveCfg = Release|Win32
		{6AA9BB0F-4720-3AD0-8F7C-4F66BBB920AA}.Release|Win32.Build.0 = Release|Win32
	EndGlobalSection
	GlobalSection(SolutionProperties) = preSolution
		HideSolutionNode = FALSE
	EndGlobalSection
EndGlobal
